// !$*UTF8*$!
{
	archiveVersion = 1;
	classes = {
	};
	objectVersion = 52;
	objects = {

/* Begin PBXBuildFile section */
		115002AA283EA6600015CCCB /* Tank.swift in Sources */ = {isa = PBXBuildFile; fileRef = 115002A9283EA6600015CCCB /* Tank.swift */; };
		115002AD283F42050015CCCB /* MusicPlayer.swift in Sources */ = {isa = PBXBuildFile; fileRef = 115002AC283F42050015CCCB /* MusicPlayer.swift */; };
		115002B0283F47430015CCCB /* click.wav in Resources */ = {isa = PBXBuildFile; fileRef = 115002AF283F47430015CCCB /* click.wav */; };
		115002B2283F4B610015CCCB /* Naruto.wav in Resources */ = {isa = PBXBuildFile; fileRef = 115002B1283F4B610015CCCB /* Naruto.wav */; };
		115002B4283F56760015CCCB /* narutoAdventure.wav in Resources */ = {isa = PBXBuildFile; fileRef = 115002B3283F56760015CCCB /* narutoAdventure.wav */; };
		115002B6283F567F0015CCCB /* adventure.wav in Resources */ = {isa = PBXBuildFile; fileRef = 115002B5283F567F0015CCCB /* adventure.wav */; };
		115002B8283F5E220015CCCB /* jump.wav in Resources */ = {isa = PBXBuildFile; fileRef = 115002B7283F5E220015CCCB /* jump.wav */; };
		115002BA283F61060015CCCB /* shuriken.wav in Resources */ = {isa = PBXBuildFile; fileRef = 115002B9283F61050015CCCB /* shuriken.wav */; };
		115002BC283F62920015CCCB /* crash.wav in Resources */ = {isa = PBXBuildFile; fileRef = 115002BB283F62920015CCCB /* crash.wav */; };
		115002BE283F63880015CCCB /* gun.wav in Resources */ = {isa = PBXBuildFile; fileRef = 115002BD283F63880015CCCB /* gun.wav */; };
		115002C02841DF7E0015CCCB /* piano.wav in Resources */ = {isa = PBXBuildFile; fileRef = 115002BF2841DF7E0015CCCB /* piano.wav */; };
		11608329283DE159004ED22D /* Sudoku.swift in Sources */ = {isa = PBXBuildFile; fileRef = 11608328283DE159004ED22D /* Sudoku.swift */; };
		EB713C732727CC22002557DA /* Stack.swift in Sources */ = {isa = PBXBuildFile; fileRef = EB713C722727CC22002557DA /* Stack.swift */; };
		EB713C762727D1F7002557DA /* DequeModule in Frameworks */ = {isa = PBXBuildFile; productRef = EB713C752727D1F7002557DA /* DequeModule */; };
		EB713C782727D1F7002557DA /* Collections in Frameworks */ = {isa = PBXBuildFile; productRef = EB713C772727D1F7002557DA /* Collections */; };
		EB739BFC2729F729007B4B44 /* MenuViewController.swift in Sources */ = {isa = PBXBuildFile; fileRef = EB739BFB2729F729007B4B44 /* MenuViewController.swift */; };
		EB739BFE272A2F15007B4B44 /* ScoreViewController.swift in Sources */ = {isa = PBXBuildFile; fileRef = EB739BFD272A2F15007B4B44 /* ScoreViewController.swift */; };
		EB8113B526F693D800D73573 /* AppDelegate.swift in Sources */ = {isa = PBXBuildFile; fileRef = EB8113B426F693D800D73573 /* AppDelegate.swift */; };
		EB8113B726F693D800D73573 /* GameScene.sks in Resources */ = {isa = PBXBuildFile; fileRef = EB8113B626F693D800D73573 /* GameScene.sks */; };
		EB8113B926F693D800D73573 /* Actions.sks in Resources */ = {isa = PBXBuildFile; fileRef = EB8113B826F693D800D73573 /* Actions.sks */; };
		EB8113BB26F693D800D73573 /* GameScene.swift in Sources */ = {isa = PBXBuildFile; fileRef = EB8113BA26F693D800D73573 /* GameScene.swift */; };
		EB8113BD26F693D800D73573 /* GameViewController.swift in Sources */ = {isa = PBXBuildFile; fileRef = EB8113BC26F693D800D73573 /* GameViewController.swift */; };
		EB8113C026F693D800D73573 /* Main.storyboard in Resources */ = {isa = PBXBuildFile; fileRef = EB8113BE26F693D800D73573 /* Main.storyboard */; };
		EB8113C226F693DB00D73573 /* Assets.xcassets in Resources */ = {isa = PBXBuildFile; fileRef = EB8113C126F693DB00D73573 /* Assets.xcassets */; };
		EB8113CD26F693DB00D73573 /* Etremest_SudokuTests.swift in Sources */ = {isa = PBXBuildFile; fileRef = EB8113CC26F693DB00D73573 /* Etremest_SudokuTests.swift */; };
		EB8113D826F693DC00D73573 /* Etremest_SudokuUITests.swift in Sources */ = {isa = PBXBuildFile; fileRef = EB8113D726F693DC00D73573 /* Etremest_SudokuUITests.swift */; };
		EBC11DBE273503C2005C62A1 /* SnowBackground.sks in Resources */ = {isa = PBXBuildFile; fileRef = EBC11DBD273503C2005C62A1 /* SnowBackground.sks */; };
		EBD275A826F819A60093323B /* LaunchScreen.storyboard in Resources */ = {isa = PBXBuildFile; fileRef = EBD275A726F819A60093323B /* LaunchScreen.storyboard */; };
		EBDDD8FE2731F13900F5EB53 /* GameLevel.swift in Sources */ = {isa = PBXBuildFile; fileRef = EBDDD8FD2731F13900F5EB53 /* GameLevel.swift */; };
		EBDDD90027324FA400F5EB53 /* ImagePickerCollectionViewCell.swift in Sources */ = {isa = PBXBuildFile; fileRef = EBDDD8FF27324FA400F5EB53 /* ImagePickerCollectionViewCell.swift */; };
		EBDDD9022733230900F5EB53 /* GameCharacter.swift in Sources */ = {isa = PBXBuildFile; fileRef = EBDDD9012733230900F5EB53 /* GameCharacter.swift */; };
		EBDDD90427334DD500F5EB53 /* Queue.swift in Sources */ = {isa = PBXBuildFile; fileRef = EBDDD90327334DD500F5EB53 /* Queue.swift */; };
		EBE3970026FBF5D80093BBEE /* SKButton.swift in Sources */ = {isa = PBXBuildFile; fileRef = EBE396FF26FBF5D80093BBEE /* SKButton.swift */; };
/* End PBXBuildFile section */

/* Begin PBXContainerItemProxy section */
		EB8113C926F693DB00D73573 /* PBXContainerItemProxy */ = {
			isa = PBXContainerItemProxy;
			containerPortal = EB8113A926F693D800D73573 /* Project object */;
			proxyType = 1;
			remoteGlobalIDString = EB8113B026F693D800D73573;
			remoteInfo = "Etremest Sudoku";
		};
		EB8113D426F693DC00D73573 /* PBXContainerItemProxy */ = {
			isa = PBXContainerItemProxy;
			containerPortal = EB8113A926F693D800D73573 /* Project object */;
			proxyType = 1;
			remoteGlobalIDString = EB8113B026F693D800D73573;
			remoteInfo = "Etremest Sudoku";
		};
/* End PBXContainerItemProxy section */

/* Begin PBXFileReference section */
		115002A9283EA6600015CCCB /* Tank.swift */ = {isa = PBXFileReference; lastKnownFileType = sourcecode.swift; path = Tank.swift; sourceTree = "<group>"; };
		115002AC283F42050015CCCB /* MusicPlayer.swift */ = {isa = PBXFileReference; lastKnownFileType = sourcecode.swift; path = MusicPlayer.swift; sourceTree = "<group>"; };
		115002AF283F47430015CCCB /* click.wav */ = {isa = PBXFileReference; lastKnownFileType = audio.wav; path = click.wav; sourceTree = "<group>"; };
		115002B1283F4B610015CCCB /* Naruto.wav */ = {isa = PBXFileReference; lastKnownFileType = audio.wav; path = Naruto.wav; sourceTree = "<group>"; };
		115002B3283F56760015CCCB /* narutoAdventure.wav */ = {isa = PBXFileReference; lastKnownFileType = audio.wav; path = narutoAdventure.wav; sourceTree = "<group>"; };
		115002B5283F567F0015CCCB /* adventure.wav */ = {isa = PBXFileReference; lastKnownFileType = audio.wav; path = adventure.wav; sourceTree = "<group>"; };
		115002B7283F5E220015CCCB /* jump.wav */ = {isa = PBXFileReference; lastKnownFileType = audio.wav; path = jump.wav; sourceTree = "<group>"; };
		115002B9283F61050015CCCB /* shuriken.wav */ = {isa = PBXFileReference; lastKnownFileType = audio.wav; path = shuriken.wav; sourceTree = "<group>"; };
		115002BB283F62920015CCCB /* crash.wav */ = {isa = PBXFileReference; lastKnownFileType = audio.wav; path = crash.wav; sourceTree = "<group>"; };
		115002BD283F63880015CCCB /* gun.wav */ = {isa = PBXFileReference; lastKnownFileType = audio.wav; path = gun.wav; sourceTree = "<group>"; };
		115002BF2841DF7E0015CCCB /* piano.wav */ = {isa = PBXFileReference; lastKnownFileType = audio.wav; path = piano.wav; sourceTree = "<group>"; };
		11608328283DE159004ED22D /* Sudoku.swift */ = {isa = PBXFileReference; lastKnownFileType = sourcecode.swift; path = Sudoku.swift; sourceTree = "<group>"; };
		EB713C722727CC22002557DA /* Stack.swift */ = {isa = PBXFileReference; lastKnownFileType = sourcecode.swift; path = Stack.swift; sourceTree = "<group>"; };
		EB739BFB2729F729007B4B44 /* MenuViewController.swift */ = {isa = PBXFileReference; lastKnownFileType = sourcecode.swift; name = MenuViewController.swift; path = DataStructures/MenuViewController.swift; sourceTree = "<group>"; };
		EB739BFD272A2F15007B4B44 /* ScoreViewController.swift */ = {isa = PBXFileReference; lastKnownFileType = sourcecode.swift; path = ScoreViewController.swift; sourceTree = "<group>"; };
		EB8113B126F693D800D73573 /* Extremest Sudoku.app */ = {isa = PBXFileReference; explicitFileType = wrapper.application; includeInIndex = 0; path = "Extremest Sudoku.app"; sourceTree = BUILT_PRODUCTS_DIR; };
		EB8113B426F693D800D73573 /* AppDelegate.swift */ = {isa = PBXFileReference; lastKnownFileType = sourcecode.swift; path = AppDelegate.swift; sourceTree = "<group>"; };
		EB8113B626F693D800D73573 /* GameScene.sks */ = {isa = PBXFileReference; lastKnownFileType = file.sks; path = GameScene.sks; sourceTree = "<group>"; };
		EB8113B826F693D800D73573 /* Actions.sks */ = {isa = PBXFileReference; lastKnownFileType = file.sks; path = Actions.sks; sourceTree = "<group>"; };
		EB8113BA26F693D800D73573 /* GameScene.swift */ = {isa = PBXFileReference; lastKnownFileType = sourcecode.swift; path = GameScene.swift; sourceTree = "<group>"; };
		EB8113BC26F693D800D73573 /* GameViewController.swift */ = {isa = PBXFileReference; lastKnownFileType = sourcecode.swift; path = GameViewController.swift; sourceTree = "<group>"; };
		EB8113BF26F693D800D73573 /* Base */ = {isa = PBXFileReference; lastKnownFileType = file.storyboard; name = Base; path = Base.lproj/Main.storyboard; sourceTree = "<group>"; };
		EB8113C126F693DB00D73573 /* Assets.xcassets */ = {isa = PBXFileReference; lastKnownFileType = folder.assetcatalog; path = Assets.xcassets; sourceTree = "<group>"; };
		EB8113C326F693DB00D73573 /* Info.plist */ = {isa = PBXFileReference; lastKnownFileType = text.plist.xml; path = Info.plist; sourceTree = "<group>"; };
		EB8113C826F693DB00D73573 /* Extremest SudokuTests.xctest */ = {isa = PBXFileReference; explicitFileType = wrapper.cfbundle; includeInIndex = 0; path = "Extremest SudokuTests.xctest"; sourceTree = BUILT_PRODUCTS_DIR; };
		EB8113CC26F693DB00D73573 /* Etremest_SudokuTests.swift */ = {isa = PBXFileReference; lastKnownFileType = sourcecode.swift; path = Etremest_SudokuTests.swift; sourceTree = "<group>"; };
		EB8113CE26F693DB00D73573 /* Info.plist */ = {isa = PBXFileReference; lastKnownFileType = text.plist.xml; path = Info.plist; sourceTree = "<group>"; };
		EB8113D326F693DC00D73573 /* Extremest SudokuUITests.xctest */ = {isa = PBXFileReference; explicitFileType = wrapper.cfbundle; includeInIndex = 0; path = "Extremest SudokuUITests.xctest"; sourceTree = BUILT_PRODUCTS_DIR; };
		EB8113D726F693DC00D73573 /* Etremest_SudokuUITests.swift */ = {isa = PBXFileReference; lastKnownFileType = sourcecode.swift; path = Etremest_SudokuUITests.swift; sourceTree = "<group>"; };
		EB8113D926F693DC00D73573 /* Info.plist */ = {isa = PBXFileReference; lastKnownFileType = text.plist.xml; path = Info.plist; sourceTree = "<group>"; };
		EBC11DBD273503C2005C62A1 /* SnowBackground.sks */ = {isa = PBXFileReference; lastKnownFileType = file.sks; path = SnowBackground.sks; sourceTree = "<group>"; };
		EBD275A726F819A60093323B /* LaunchScreen.storyboard */ = {isa = PBXFileReference; lastKnownFileType = file.storyboard; path = LaunchScreen.storyboard; sourceTree = "<group>"; };
		EBDDD8FD2731F13900F5EB53 /* GameLevel.swift */ = {isa = PBXFileReference; lastKnownFileType = sourcecode.swift; path = GameLevel.swift; sourceTree = "<group>"; };
		EBDDD8FF27324FA400F5EB53 /* ImagePickerCollectionViewCell.swift */ = {isa = PBXFileReference; lastKnownFileType = sourcecode.swift; path = ImagePickerCollectionViewCell.swift; sourceTree = "<group>"; };
		EBDDD9012733230900F5EB53 /* GameCharacter.swift */ = {isa = PBXFileReference; lastKnownFileType = sourcecode.swift; path = GameCharacter.swift; sourceTree = "<group>"; };
		EBDDD90327334DD500F5EB53 /* Queue.swift */ = {isa = PBXFileReference; lastKnownFileType = sourcecode.swift; path = Queue.swift; sourceTree = "<group>"; };
		EBE396FF26FBF5D80093BBEE /* SKButton.swift */ = {isa = PBXFileReference; lastKnownFileType = sourcecode.swift; path = SKButton.swift; sourceTree = "<group>"; };
/* End PBXFileReference section */

/* Begin PBXFrameworksBuildPhase section */
		EB8113AE26F693D800D73573 /* Frameworks */ = {
			isa = PBXFrameworksBuildPhase;
			buildActionMask = 2147483647;
			files = (
				EB713C782727D1F7002557DA /* Collections in Frameworks */,
				EB713C762727D1F7002557DA /* DequeModule in Frameworks */,
			);
			runOnlyForDeploymentPostprocessing = 0;
		};
		EB8113C526F693DB00D73573 /* Frameworks */ = {
			isa = PBXFrameworksBuildPhase;
			buildActionMask = 2147483647;
			files = (
			);
			runOnlyForDeploymentPostprocessing = 0;
		};
		EB8113D026F693DB00D73573 /* Frameworks */ = {
			isa = PBXFrameworksBuildPhase;
			buildActionMask = 2147483647;
			files = (
			);
			runOnlyForDeploymentPostprocessing = 0;
		};
/* End PBXFrameworksBuildPhase section */

/* Begin PBXGroup section */
		115002AB283F41A30015CCCB /* GlobalAccess */ = {
			isa = PBXGroup;
			children = (
				115002AC283F42050015CCCB /* MusicPlayer.swift */,
			);
			path = GlobalAccess;
			sourceTree = "<group>";
		};
		115002AE283F47370015CCCB /* Sounds */ = {
			isa = PBXGroup;
			children = (
				115002BD283F63880015CCCB /* gun.wav */,
				115002BF2841DF7E0015CCCB /* piano.wav */,
				115002BB283F62920015CCCB /* crash.wav */,
				115002B9283F61050015CCCB /* shuriken.wav */,
				115002B7283F5E220015CCCB /* jump.wav */,
				115002B3283F56760015CCCB /* narutoAdventure.wav */,
				115002B5283F567F0015CCCB /* adventure.wav */,
				115002B1283F4B610015CCCB /* Naruto.wav */,
				115002AF283F47430015CCCB /* click.wav */,
			);
			path = Sounds;
			sourceTree = "<group>";
		};
		EB713C712727CBDF002557DA /* DataStructures */ = {
			isa = PBXGroup;
			children = (
				EBE396FF26FBF5D80093BBEE /* SKButton.swift */,
				EB713C722727CC22002557DA /* Stack.swift */,
				EBDDD8FD2731F13900F5EB53 /* GameLevel.swift */,
				EBDDD8FF27324FA400F5EB53 /* ImagePickerCollectionViewCell.swift */,
				EBDDD9012733230900F5EB53 /* GameCharacter.swift */,
				EBDDD90327334DD500F5EB53 /* Queue.swift */,
				11608328283DE159004ED22D /* Sudoku.swift */,
				115002A9283EA6600015CCCB /* Tank.swift */,
			);
			path = DataStructures;
			sourceTree = "<group>";
		};
		EB8113A826F693D800D73573 = {
			isa = PBXGroup;
			children = (
				EB8113B326F693D800D73573 /* Extremest Sudoku */,
				EB8113CB26F693DB00D73573 /* Extremest SudokuTests */,
				EB8113D626F693DC00D73573 /* Extremest SudokuUITests */,
				EB8113B226F693D800D73573 /* Products */,
			);
			sourceTree = "<group>";
		};
		EB8113B226F693D800D73573 /* Products */ = {
			isa = PBXGroup;
			children = (
				EB8113B126F693D800D73573 /* Extremest Sudoku.app */,
				EB8113C826F693DB00D73573 /* Extremest SudokuTests.xctest */,
				EB8113D326F693DC00D73573 /* Extremest SudokuUITests.xctest */,
			);
			name = Products;
			sourceTree = "<group>";
		};
		EB8113B326F693D800D73573 /* Extremest Sudoku */ = {
			isa = PBXGroup;
			children = (
				115002AE283F47370015CCCB /* Sounds */,
				115002AB283F41A30015CCCB /* GlobalAccess */,
				EB713C712727CBDF002557DA /* DataStructures */,
				EB739BFB2729F729007B4B44 /* MenuViewController.swift */,
				EB739BFD272A2F15007B4B44 /* ScoreViewController.swift */,
				EB8113BA26F693D800D73573 /* GameScene.swift */,
				EB8113BC26F693D800D73573 /* GameViewController.swift */,
				EB8113B426F693D800D73573 /* AppDelegate.swift */,
				EBC11DBD273503C2005C62A1 /* SnowBackground.sks */,
				EB8113B626F693D800D73573 /* GameScene.sks */,
				EB8113B826F693D800D73573 /* Actions.sks */,
				EB8113BE26F693D800D73573 /* Main.storyboard */,
				EBD275A726F819A60093323B /* LaunchScreen.storyboard */,
				EB8113C126F693DB00D73573 /* Assets.xcassets */,
				EB8113C326F693DB00D73573 /* Info.plist */,
			);
			path = "Extremest Sudoku";
			sourceTree = "<group>";
		};
		EB8113CB26F693DB00D73573 /* Extremest SudokuTests */ = {
			isa = PBXGroup;
			children = (
				EB8113CC26F693DB00D73573 /* Etremest_SudokuTests.swift */,
				EB8113CE26F693DB00D73573 /* Info.plist */,
			);
			path = "Extremest SudokuTests";
			sourceTree = "<group>";
		};
		EB8113D626F693DC00D73573 /* Extremest SudokuUITests */ = {
			isa = PBXGroup;
			children = (
				EB8113D726F693DC00D73573 /* Etremest_SudokuUITests.swift */,
				EB8113D926F693DC00D73573 /* Info.plist */,
			);
			path = "Extremest SudokuUITests";
			sourceTree = "<group>";
		};
/* End PBXGroup section */

/* Begin PBXNativeTarget section */
		EB8113B026F693D800D73573 /* Extremest Sudoku */ = {
			isa = PBXNativeTarget;
			buildConfigurationList = EB8113DC26F693DC00D73573 /* Build configuration list for PBXNativeTarget "Extremest Sudoku" */;
			buildPhases = (
				EB8113AD26F693D800D73573 /* Sources */,
				EB8113AE26F693D800D73573 /* Frameworks */,
				EB8113AF26F693D800D73573 /* Resources */,
			);
			buildRules = (
			);
			dependencies = (
			);
			name = "Extremest Sudoku";
			packageProductDependencies = (
				EB713C752727D1F7002557DA /* DequeModule */,
				EB713C772727D1F7002557DA /* Collections */,
			);
			productName = "Etremest Sudoku";
			productReference = EB8113B126F693D800D73573 /* Extremest Sudoku.app */;
			productType = "com.apple.product-type.application";
		};
		EB8113C726F693DB00D73573 /* Extremest SudokuTests */ = {
			isa = PBXNativeTarget;
			buildConfigurationList = EB8113DF26F693DC00D73573 /* Build configuration list for PBXNativeTarget "Extremest SudokuTests" */;
			buildPhases = (
				EB8113C426F693DB00D73573 /* Sources */,
				EB8113C526F693DB00D73573 /* Frameworks */,
				EB8113C626F693DB00D73573 /* Resources */,
			);
			buildRules = (
			);
			dependencies = (
				EB8113CA26F693DB00D73573 /* PBXTargetDependency */,
			);
			name = "Extremest SudokuTests";
			productName = "Etremest SudokuTests";
			productReference = EB8113C826F693DB00D73573 /* Extremest SudokuTests.xctest */;
			productType = "com.apple.product-type.bundle.unit-test";
		};
		EB8113D226F693DB00D73573 /* Extremest SudokuUITests */ = {
			isa = PBXNativeTarget;
			buildConfigurationList = EB8113E226F693DC00D73573 /* Build configuration list for PBXNativeTarget "Extremest SudokuUITests" */;
			buildPhases = (
				EB8113CF26F693DB00D73573 /* Sources */,
				EB8113D026F693DB00D73573 /* Frameworks */,
				EB8113D126F693DB00D73573 /* Resources */,
			);
			buildRules = (
			);
			dependencies = (
				EB8113D526F693DC00D73573 /* PBXTargetDependency */,
			);
			name = "Extremest SudokuUITests";
			productName = "Etremest SudokuUITests";
			productReference = EB8113D326F693DC00D73573 /* Extremest SudokuUITests.xctest */;
			productType = "com.apple.product-type.bundle.ui-testing";
		};
/* End PBXNativeTarget section */

/* Begin PBXProject section */
		EB8113A926F693D800D73573 /* Project object */ = {
			isa = PBXProject;
			attributes = {
				LastSwiftUpdateCheck = 1250;
				LastUpgradeCheck = 1250;
				TargetAttributes = {
					EB8113B026F693D800D73573 = {
						CreatedOnToolsVersion = 12.5.1;
					};
					EB8113C726F693DB00D73573 = {
						CreatedOnToolsVersion = 12.5.1;
						TestTargetID = EB8113B026F693D800D73573;
					};
					EB8113D226F693DB00D73573 = {
						CreatedOnToolsVersion = 12.5.1;
						TestTargetID = EB8113B026F693D800D73573;
					};
				};
			};
			buildConfigurationList = EB8113AC26F693D800D73573 /* Build configuration list for PBXProject "Extremest Sudoku" */;
			compatibilityVersion = "Xcode 9.3";
			developmentRegion = en;
			hasScannedForEncodings = 0;
			knownRegions = (
				en,
				Base,
			);
			mainGroup = EB8113A826F693D800D73573;
			packageReferences = (
				EB713C742727D1F7002557DA /* XCRemoteSwiftPackageReference "swift-collections" */,
			);
			productRefGroup = EB8113B226F693D800D73573 /* Products */;
			projectDirPath = "";
			projectRoot = "";
			targets = (
				EB8113B026F693D800D73573 /* Extremest Sudoku */,
				EB8113C726F693DB00D73573 /* Extremest SudokuTests */,
				EB8113D226F693DB00D73573 /* Extremest SudokuUITests */,
			);
		};
/* End PBXProject section */

/* Begin PBXResourcesBuildPhase section */
		EB8113AF26F693D800D73573 /* Resources */ = {
			isa = PBXResourcesBuildPhase;
			buildActionMask = 2147483647;
			files = (
				115002B8283F5E220015CCCB /* jump.wav in Resources */,
				EB8113C026F693D800D73573 /* Main.storyboard in Resources */,
				115002B0283F47430015CCCB /* click.wav in Resources */,
				115002BC283F62920015CCCB /* crash.wav in Resources */,
				EB8113B726F693D800D73573 /* GameScene.sks in Resources */,
				115002B6283F567F0015CCCB /* adventure.wav in Resources */,
				115002BA283F61060015CCCB /* shuriken.wav in Resources */,
				EBC11DBE273503C2005C62A1 /* SnowBackground.sks in Resources */,
				115002C02841DF7E0015CCCB /* piano.wav in Resources */,
				115002B4283F56760015CCCB /* narutoAdventure.wav in Resources */,
				EB8113C226F693DB00D73573 /* Assets.xcassets in Resources */,
				EBD275A826F819A60093323B /* LaunchScreen.storyboard in Resources */,
				115002BE283F63880015CCCB /* gun.wav in Resources */,
				EB8113B926F693D800D73573 /* Actions.sks in Resources */,
				115002B2283F4B610015CCCB /* Naruto.wav in Resources */,
			);
			runOnlyForDeploymentPostprocessing = 0;
		};
		EB8113C626F693DB00D73573 /* Resources */ = {
			isa = PBXResourcesBuildPhase;
			buildActionMask = 2147483647;
			files = (
			);
			runOnlyForDeploymentPostprocessing = 0;
		};
		EB8113D126F693DB00D73573 /* Resources */ = {
			isa = PBXResourcesBuildPhase;
			buildActionMask = 2147483647;
			files = (
			);
			runOnlyForDeploymentPostprocessing = 0;
		};
/* End PBXResourcesBuildPhase section */

/* Begin PBXSourcesBuildPhase section */
		EB8113AD26F693D800D73573 /* Sources */ = {
			isa = PBXSourcesBuildPhase;
			buildActionMask = 2147483647;
			files = (
				EB739BFE272A2F15007B4B44 /* ScoreViewController.swift in Sources */,
				EB8113BB26F693D800D73573 /* GameScene.swift in Sources */,
				11608329283DE159004ED22D /* Sudoku.swift in Sources */,
				115002AA283EA6600015CCCB /* Tank.swift in Sources */,
				115002AD283F42050015CCCB /* MusicPlayer.swift in Sources */,
				EB739BFC2729F729007B4B44 /* MenuViewController.swift in Sources */,
				EBDDD90427334DD500F5EB53 /* Queue.swift in Sources */,
				EB713C732727CC22002557DA /* Stack.swift in Sources */,
				EBDDD8FE2731F13900F5EB53 /* GameLevel.swift in Sources */,
				EBDDD9022733230900F5EB53 /* GameCharacter.swift in Sources */,
				EB8113BD26F693D800D73573 /* GameViewController.swift in Sources */,
				EBDDD90027324FA400F5EB53 /* ImagePickerCollectionViewCell.swift in Sources */,
				EB8113B526F693D800D73573 /* AppDelegate.swift in Sources */,
				EBE3970026FBF5D80093BBEE /* SKButton.swift in Sources */,
			);
			runOnlyForDeploymentPostprocessing = 0;
		};
		EB8113C426F693DB00D73573 /* Sources */ = {
			isa = PBXSourcesBuildPhase;
			buildActionMask = 2147483647;
			files = (
				EB8113CD26F693DB00D73573 /* Etremest_SudokuTests.swift in Sources */,
			);
			runOnlyForDeploymentPostprocessing = 0;
		};
		EB8113CF26F693DB00D73573 /* Sources */ = {
			isa = PBXSourcesBuildPhase;
			buildActionMask = 2147483647;
			files = (
				EB8113D826F693DC00D73573 /* Etremest_SudokuUITests.swift in Sources */,
			);
			runOnlyForDeploymentPostprocessing = 0;
		};
/* End PBXSourcesBuildPhase section */

/* Begin PBXTargetDependency section */
		EB8113CA26F693DB00D73573 /* PBXTargetDependency */ = {
			isa = PBXTargetDependency;
			target = EB8113B026F693D800D73573 /* Extremest Sudoku */;
			targetProxy = EB8113C926F693DB00D73573 /* PBXContainerItemProxy */;
		};
		EB8113D526F693DC00D73573 /* PBXTargetDependency */ = {
			isa = PBXTargetDependency;
			target = EB8113B026F693D800D73573 /* Extremest Sudoku */;
			targetProxy = EB8113D426F693DC00D73573 /* PBXContainerItemProxy */;
		};
/* End PBXTargetDependency section */

/* Begin PBXVariantGroup section */
		EB8113BE26F693D800D73573 /* Main.storyboard */ = {
			isa = PBXVariantGroup;
			children = (
				EB8113BF26F693D800D73573 /* Base */,
			);
			name = Main.storyboard;
			sourceTree = "<group>";
		};
/* End PBXVariantGroup section */

/* Begin XCBuildConfiguration section */
		EB8113DA26F693DC00D73573 /* Debug */ = {
			isa = XCBuildConfiguration;
			buildSettings = {
				ALWAYS_SEARCH_USER_PATHS = NO;
				CLANG_ANALYZER_NONNULL = YES;
				CLANG_ANALYZER_NUMBER_OBJECT_CONVERSION = YES_AGGRESSIVE;
				CLANG_CXX_LANGUAGE_STANDARD = "gnu++14";
				CLANG_CXX_LIBRARY = "libc++";
				CLANG_ENABLE_MODULES = YES;
				CLANG_ENABLE_OBJC_ARC = YES;
				CLANG_ENABLE_OBJC_WEAK = YES;
				CLANG_WARN_BLOCK_CAPTURE_AUTORELEASING = YES;
				CLANG_WARN_BOOL_CONVERSION = YES;
				CLANG_WARN_COMMA = YES;
				CLANG_WARN_CONSTANT_CONVERSION = YES;
				CLANG_WARN_DEPRECATED_OBJC_IMPLEMENTATIONS = YES;
				CLANG_WARN_DIRECT_OBJC_ISA_USAGE = YES_ERROR;
				CLANG_WARN_DOCUMENTATION_COMMENTS = YES;
				CLANG_WARN_EMPTY_BODY = YES;
				CLANG_WARN_ENUM_CONVERSION = YES;
				CLANG_WARN_INFINITE_RECURSION = YES;
				CLANG_WARN_INT_CONVERSION = YES;
				CLANG_WARN_NON_LITERAL_NULL_CONVERSION = YES;
				CLANG_WARN_OBJC_IMPLICIT_RETAIN_SELF = YES;
				CLANG_WARN_OBJC_LITERAL_CONVERSION = YES;
				CLANG_WARN_OBJC_ROOT_CLASS = YES_ERROR;
				CLANG_WARN_QUOTED_INCLUDE_IN_FRAMEWORK_HEADER = YES;
				CLANG_WARN_RANGE_LOOP_ANALYSIS = YES;
				CLANG_WARN_STRICT_PROTOTYPES = YES;
				CLANG_WARN_SUSPICIOUS_MOVE = YES;
				CLANG_WARN_UNGUARDED_AVAILABILITY = YES_AGGRESSIVE;
				CLANG_WARN_UNREACHABLE_CODE = YES;
				CLANG_WARN__DUPLICATE_METHOD_MATCH = YES;
				COPY_PHASE_STRIP = NO;
				DEBUG_INFORMATION_FORMAT = dwarf;
				ENABLE_STRICT_OBJC_MSGSEND = YES;
				ENABLE_TESTABILITY = YES;
				GCC_C_LANGUAGE_STANDARD = gnu11;
				GCC_DYNAMIC_NO_PIC = NO;
				GCC_NO_COMMON_BLOCKS = YES;
				GCC_OPTIMIZATION_LEVEL = 0;
				GCC_PREPROCESSOR_DEFINITIONS = (
					"DEBUG=1",
					"$(inherited)",
				);
				GCC_WARN_64_TO_32_BIT_CONVERSION = YES;
				GCC_WARN_ABOUT_RETURN_TYPE = YES_ERROR;
				GCC_WARN_UNDECLARED_SELECTOR = YES;
				GCC_WARN_UNINITIALIZED_AUTOS = YES_AGGRESSIVE;
				GCC_WARN_UNUSED_FUNCTION = YES;
				GCC_WARN_UNUSED_VARIABLE = YES;
				IPHONEOS_DEPLOYMENT_TARGET = 14.3;
				MTL_ENABLE_DEBUG_INFO = INCLUDE_SOURCE;
				MTL_FAST_MATH = YES;
				ONLY_ACTIVE_ARCH = YES;
				SDKROOT = iphoneos;
				SWIFT_ACTIVE_COMPILATION_CONDITIONS = DEBUG;
				SWIFT_OPTIMIZATION_LEVEL = "-Onone";
			};
			name = Debug;
		};
		EB8113DB26F693DC00D73573 /* Release */ = {
			isa = XCBuildConfiguration;
			buildSettings = {
				ALWAYS_SEARCH_USER_PATHS = NO;
				CLANG_ANALYZER_NONNULL = YES;
				CLANG_ANALYZER_NUMBER_OBJECT_CONVERSION = YES_AGGRESSIVE;
				CLANG_CXX_LANGUAGE_STANDARD = "gnu++14";
				CLANG_CXX_LIBRARY = "libc++";
				CLANG_ENABLE_MODULES = YES;
				CLANG_ENABLE_OBJC_ARC = YES;
				CLANG_ENABLE_OBJC_WEAK = YES;
				CLANG_WARN_BLOCK_CAPTURE_AUTORELEASING = YES;
				CLANG_WARN_BOOL_CONVERSION = YES;
				CLANG_WARN_COMMA = YES;
				CLANG_WARN_CONSTANT_CONVERSION = YES;
				CLANG_WARN_DEPRECATED_OBJC_IMPLEMENTATIONS = YES;
				CLANG_WARN_DIRECT_OBJC_ISA_USAGE = YES_ERROR;
				CLANG_WARN_DOCUMENTATION_COMMENTS = YES;
				CLANG_WARN_EMPTY_BODY = YES;
				CLANG_WARN_ENUM_CONVERSION = YES;
				CLANG_WARN_INFINITE_RECURSION = YES;
				CLANG_WARN_INT_CONVERSION = YES;
				CLANG_WARN_NON_LITERAL_NULL_CONVERSION = YES;
				CLANG_WARN_OBJC_IMPLICIT_RETAIN_SELF = YES;
				CLANG_WARN_OBJC_LITERAL_CONVERSION = YES;
				CLANG_WARN_OBJC_ROOT_CLASS = YES_ERROR;
				CLANG_WARN_QUOTED_INCLUDE_IN_FRAMEWORK_HEADER = YES;
				CLANG_WARN_RANGE_LOOP_ANALYSIS = YES;
				CLANG_WARN_STRICT_PROTOTYPES = YES;
				CLANG_WARN_SUSPICIOUS_MOVE = YES;
				CLANG_WARN_UNGUARDED_AVAILABILITY = YES_AGGRESSIVE;
				CLANG_WARN_UNREACHABLE_CODE = YES;
				CLANG_WARN__DUPLICATE_METHOD_MATCH = YES;
				COPY_PHASE_STRIP = NO;
				DEBUG_INFORMATION_FORMAT = "dwarf-with-dsym";
				ENABLE_NS_ASSERTIONS = NO;
				ENABLE_STRICT_OBJC_MSGSEND = YES;
				GCC_C_LANGUAGE_STANDARD = gnu11;
				GCC_NO_COMMON_BLOCKS = YES;
				GCC_WARN_64_TO_32_BIT_CONVERSION = YES;
				GCC_WARN_ABOUT_RETURN_TYPE = YES_ERROR;
				GCC_WARN_UNDECLARED_SELECTOR = YES;
				GCC_WARN_UNINITIALIZED_AUTOS = YES_AGGRESSIVE;
				GCC_WARN_UNUSED_FUNCTION = YES;
				GCC_WARN_UNUSED_VARIABLE = YES;
				IPHONEOS_DEPLOYMENT_TARGET = 14.3;
				MTL_ENABLE_DEBUG_INFO = NO;
				MTL_FAST_MATH = YES;
				SDKROOT = iphoneos;
				SWIFT_COMPILATION_MODE = wholemodule;
				SWIFT_OPTIMIZATION_LEVEL = "-O";
				VALIDATE_PRODUCT = YES;
			};
			name = Release;
		};
		EB8113DD26F693DC00D73573 /* Debug */ = {
			isa = XCBuildConfiguration;
			buildSettings = {
				ASSETCATALOG_COMPILER_APPICON_NAME = AppIcon;
				ASSETCATALOG_COMPILER_GLOBAL_ACCENT_COLOR_NAME = AccentColor;
				CODE_SIGN_STYLE = Automatic;
				DEVELOPMENT_TEAM = J6522LJSM9;
				INFOPLIST_FILE = "Extremest Sudoku/Info.plist";
				LD_RUNPATH_SEARCH_PATHS = (
					"$(inherited)",
					"@executable_path/Frameworks",
				);
				PRODUCT_BUNDLE_IDENTIFIER = com.iTrex22.leafSudoku;
				PRODUCT_NAME = "$(TARGET_NAME)";
				SWIFT_VERSION = 5.0;
				TARGETED_DEVICE_FAMILY = 1;
			};
			name = Debug;
		};
		EB8113DE26F693DC00D73573 /* Release */ = {
			isa = XCBuildConfiguration;
			buildSettings = {
				ASSETCATALOG_COMPILER_APPICON_NAME = AppIcon;
				ASSETCATALOG_COMPILER_GLOBAL_ACCENT_COLOR_NAME = AccentColor;
				CODE_SIGN_STYLE = Automatic;
				DEVELOPMENT_TEAM = J6522LJSM9;
				INFOPLIST_FILE = "Extremest Sudoku/Info.plist";
				LD_RUNPATH_SEARCH_PATHS = (
					"$(inherited)",
					"@executable_path/Frameworks",
				);
				PRODUCT_BUNDLE_IDENTIFIER = com.iTrex22.leafSudoku;
				PRODUCT_NAME = "$(TARGET_NAME)";
				SWIFT_VERSION = 5.0;
				TARGETED_DEVICE_FAMILY = 1;
			};
			name = Release;
		};
		EB8113E026F693DC00D73573 /* Debug */ = {
			isa = XCBuildConfiguration;
			buildSettings = {
				ALWAYS_EMBED_SWIFT_STANDARD_LIBRARIES = YES;
				BUNDLE_LOADER = "$(TEST_HOST)";
				CODE_SIGN_STYLE = Automatic;
				DEVELOPMENT_TEAM = J6522LJSM9;
				INFOPLIST_FILE = "Etremest SudokuTests/Info.plist";
				IPHONEOS_DEPLOYMENT_TARGET = 14.5;
				LD_RUNPATH_SEARCH_PATHS = (
					"$(inherited)",
					"@executable_path/Frameworks",
					"@loader_path/Frameworks",
				);
				PRODUCT_BUNDLE_IDENTIFIER = "ronalds.Etremest-SudokuTests";
				PRODUCT_NAME = "$(TARGET_NAME)";
				SWIFT_VERSION = 5.0;
				TARGETED_DEVICE_FAMILY = "1,2";
				TEST_HOST = "$(BUILT_PRODUCTS_DIR)/Extremest Sudoku.app/Extremest Sudoku";
			};
			name = Debug;
		};
		EB8113E126F693DC00D73573 /* Release */ = {
			isa = XCBuildConfiguration;
			buildSettings = {
				ALWAYS_EMBED_SWIFT_STANDARD_LIBRARIES = YES;
				BUNDLE_LOADER = "$(TEST_HOST)";
				CODE_SIGN_STYLE = Automatic;
				DEVELOPMENT_TEAM = J6522LJSM9;
				INFOPLIST_FILE = "Etremest SudokuTests/Info.plist";
				IPHONEOS_DEPLOYMENT_TARGET = 14.5;
				LD_RUNPATH_SEARCH_PATHS = (
					"$(inherited)",
					"@executable_path/Frameworks",
					"@loader_path/Frameworks",
				);
				PRODUCT_BUNDLE_IDENTIFIER = "ronalds.Etremest-SudokuTests";
				PRODUCT_NAME = "$(TARGET_NAME)";
				SWIFT_VERSION = 5.0;
				TARGETED_DEVICE_FAMILY = "1,2";
				TEST_HOST = "$(BUILT_PRODUCTS_DIR)/Extremest Sudoku.app/Extremest Sudoku";
			};
			name = Release;
		};
		EB8113E326F693DC00D73573 /* Debug */ = {
			isa = XCBuildConfiguration;
			buildSettings = {
				ALWAYS_EMBED_SWIFT_STANDARD_LIBRARIES = YES;
				CODE_SIGN_STYLE = Automatic;
				DEVELOPMENT_TEAM = J6522LJSM9;
				INFOPLIST_FILE = "Etremest SudokuUITests/Info.plist";
				LD_RUNPATH_SEARCH_PATHS = (
					"$(inherited)",
					"@executable_path/Frameworks",
					"@loader_path/Frameworks",
				);
				PRODUCT_BUNDLE_IDENTIFIER = "ronalds.Etremest-SudokuUITests";
				PRODUCT_NAME = "$(TARGET_NAME)";
				SWIFT_VERSION = 5.0;
				TARGETED_DEVICE_FAMILY = "1,2";
				TEST_TARGET_NAME = "Etremest Sudoku";
			};
			name = Debug;
		};
		EB8113E426F693DC00D73573 /* Release */ = {
			isa = XCBuildConfiguration;
			buildSettings = {
				ALWAYS_EMBED_SWIFT_STANDARD_LIBRARIES = YES;
				CODE_SIGN_STYLE = Automatic;
				DEVELOPMENT_TEAM = J6522LJSM9;
				INFOPLIST_FILE = "Etremest SudokuUITests/Info.plist";
				LD_RUNPATH_SEARCH_PATHS = (
					"$(inherited)",
					"@executable_path/Frameworks",
					"@loader_path/Frameworks",
				);
				PRODUCT_BUNDLE_IDENTIFIER = "ronalds.Etremest-SudokuUITests";
				PRODUCT_NAME = "$(TARGET_NAME)";
				SWIFT_VERSION = 5.0;
				TARGETED_DEVICE_FAMILY = "1,2";
				TEST_TARGET_NAME = "Etremest Sudoku";
			};
			name = Release;
		};
/* End XCBuildConfiguration section */

/* Begin XCConfigurationList section */
		EB8113AC26F693D800D73573 /* Build configuration list for PBXProject "Extremest Sudoku" */ = {
			isa = XCConfigurationList;
			buildConfigurations = (
				EB8113DA26F693DC00D73573 /* Debug */,
				EB8113DB26F693DC00D73573 /* Release */,
			);
			defaultConfigurationIsVisible = 0;
			defaultConfigurationName = Release;
		};
		EB8113DC26F693DC00D73573 /* Build configuration list for PBXNativeTarget "Extremest Sudoku" */ = {
			isa = XCConfigurationList;
			buildConfigurations = (
				EB8113DD26F693DC00D73573 /* Debug */,
				EB8113DE26F693DC00D73573 /* Release */,
			);
			defaultConfigurationIsVisible = 0;
			defaultConfigurationName = Release;
		};
		EB8113DF26F693DC00D73573 /* Build configuration list for PBXNativeTarget "Extremest SudokuTests" */ = {
			isa = XCConfigurationList;
			buildConfigurations = (
				EB8113E026F693DC00D73573 /* Debug */,
				EB8113E126F693DC00D73573 /* Release */,
			);
			defaultConfigurationIsVisible = 0;
			defaultConfigurationName = Release;
		};
		EB8113E226F693DC00D73573 /* Build configuration list for PBXNativeTarget "Extremest SudokuUITests" */ = {
			isa = XCConfigurationList;
			buildConfigurations = (
				EB8113E326F693DC00D73573 /* Debug */,
				EB8113E426F693DC00D73573 /* Release */,
			);
			defaultConfigurationIsVisible = 0;
			defaultConfigurationName = Release;
		};
/* End XCConfigurationList section */

/* Begin XCRemoteSwiftPackageReference section */
		EB713C742727D1F7002557DA /* XCRemoteSwiftPackageReference "swift-collections" */ = {
			isa = XCRemoteSwiftPackageReference;
			repositoryURL = "https://github.com/apple/swift-collections.git";
			requirement = {
				kind = upToNextMajorVersion;
				minimumVersion = 1.0.1;
			};
		};
/* End XCRemoteSwiftPackageReference section */

/* Begin XCSwiftPackageProductDependency section */
		EB713C752727D1F7002557DA /* DequeModule */ = {
			isa = XCSwiftPackageProductDependency;
			package = EB713C742727D1F7002557DA /* XCRemoteSwiftPackageReference "swift-collections" */;
			productName = DequeModule;
		};
		EB713C772727D1F7002557DA /* Collections */ = {
			isa = XCSwiftPackageProductDependency;
			package = EB713C742727D1F7002557DA /* XCRemoteSwiftPackageReference "swift-collections" */;
			productName = Collections;
		};
/* End XCSwiftPackageProductDependency section */
	};
	rootObject = EB8113A926F693D800D73573 /* Project object */;
}
